Microsoft Visual Studio Solution File, Format Version 12.00
# Visual Studio Version 17
VisualStudioVersion = 17.13.35825.156
MinimumVisualStudioVersion = 10.0.40219.1
Project("{FAE04EC0-301F-11D3-BF4B-00C04F79EFBC}") = "EShop", "EShop\EShop.csproj", "{7CD37E00-1C76-43A9-BADE-FE9CCB96DF48}"
EndProject
Project("{FAE04EC0-301F-11D3-BF4B-00C04F79EFBC}") = "EShop.Tests", "EShop.Tests\EShop.Tests.csproj", "{0267CAF3-97FF-4CA8-8CCE-5A8BE70AEEEA}"
EndProject
Global
	GlobalSection(SolutionConfigurationPlatforms) = preSolution
		Debug|Any CPU = Debug|Any CPU
		Release|Any CPU = Release|Any CPU
	EndGlobalSection
	GlobalSection(ProjectConfigurationPlatforms) = postSolution
		{7CD37E00-1C76-43A9-BADE-FE9CCB96DF48}.Debug|Any CPU.ActiveCfg = Debug|Any CPU
		{7CD37E00-1C76-43A9-BADE-FE9CCB96DF48}.Debug|Any CPU.Build.0 = Debug|Any CPU
		{7CD37E00-1C76-43A9-BADE-FE9CCB96DF48}.Release|Any CPU.ActiveCfg = Release|Any CPU
		{7CD37E00-1C76-43A9-BADE-FE9CCB96DF48}.Release|Any CPU.Build.0 = Release|Any CPU
		{0267CAF3-97FF-4CA8-8CCE-5A8BE70AEEEA}.Debug|Any CPU.ActiveCfg = Debug|Any CPU
		{0267CAF3-97FF-4CA8-8CCE-5A8BE70AEEEA}.Debug|Any CPU.Build.0 = Debug|Any CPU
		{0267CAF3-97FF-4CA8-8CCE-5A8BE70AEEEA}.Release|Any CPU.ActiveCfg = Release|Any CPU
		{0267CAF3-97FF-4CA8-8CCE-5A8BE70AEEEA}.Release|Any CPU.Build.0 = Release|Any CPU
	EndGlobalSection
	GlobalSection(SolutionProperties) = preSolution
		HideSolutionNode = FALSE
	EndGlobalSection
	GlobalSection(ExtensibilityGlobals) = postSolution
		SolutionGuid = {B75EC024-2CF4-4EE6-95A4-6984983BECC6}
	EndGlobalSection
EndGlobal
